// !$*UTF8*$!
{
	archiveVersion = 1;
	classes = {
	};
	objectVersion = 55;
	objects = {

/* Begin PBXBuildFile section */
		5061168127D15E050053C330 /* MediaDownload.swift in Sources */ = {isa = PBXBuildFile; fileRef = 5061168027D15E050053C330 /* MediaDownload.swift */; };
		50835D3027D65314000D6212 /* ViewFeelings.swift in Sources */ = {isa = PBXBuildFile; fileRef = 50835D2F27D65314000D6212 /* ViewFeelings.swift */; };
		508AA34627CDBB6D0075EA3F /* CreateAccount.swift in Sources */ = {isa = PBXBuildFile; fileRef = 508AA34527CDBB6D0075EA3F /* CreateAccount.swift */; };
		509EDD6C27C98D7E006106EC /* ZZslav.png in Resources */ = {isa = PBXBuildFile; fileRef = 509EDD6B27C98D7E006106EC /* ZZslav.png */; };
		50AAB38F27C83CD400CAED10 /* AppDelegate.swift in Sources */ = {isa = PBXBuildFile; fileRef = 50AAB38E27C83CD400CAED10 /* AppDelegate.swift */; };
		50AAB39127C83CD400CAED10 /* SceneDelegate.swift in Sources */ = {isa = PBXBuildFile; fileRef = 50AAB39027C83CD400CAED10 /* SceneDelegate.swift */; };
		50AAB39327C83CD400CAED10 /* ViewController.swift in Sources */ = {isa = PBXBuildFile; fileRef = 50AAB39227C83CD400CAED10 /* ViewController.swift */; };
		50AAB39627C83CD400CAED10 /* Main.storyboard in Resources */ = {isa = PBXBuildFile; fileRef = 50AAB39427C83CD400CAED10 /* Main.storyboard */; };
		50AAB39827C83CD600CAED10 /* Assets.xcassets in Resources */ = {isa = PBXBuildFile; fileRef = 50AAB39727C83CD600CAED10 /* Assets.xcassets */; };
		50AAB39B27C83CD600CAED10 /* LaunchScreen.storyboard in Resources */ = {isa = PBXBuildFile; fileRef = 50AAB39927C83CD600CAED10 /* LaunchScreen.storyboard */; };
		50B39C8327CCAC50008A40EB /* Login.swift in Sources */ = {isa = PBXBuildFile; fileRef = 50B39C8227CCAC50008A40EB /* Login.swift */; };
/* End PBXBuildFile section */

/* Begin PBXFileReference section */
		5061168027D15E050053C330 /* MediaDownload.swift */ = {isa = PBXFileReference; lastKnownFileType = sourcecode.swift; path = MediaDownload.swift; sourceTree = "<group>"; };
		50835D2F27D65314000D6212 /* ViewFeelings.swift */ = {isa = PBXFileReference; lastKnownFileType = sourcecode.swift; path = ViewFeelings.swift; sourceTree = "<group>"; };
		508AA34527CDBB6D0075EA3F /* CreateAccount.swift */ = {isa = PBXFileReference; lastKnownFileType = sourcecode.swift; path = CreateAccount.swift; sourceTree = "<group>"; };
		509EDD6B27C98D7E006106EC /* ZZslav.png */ = {isa = PBXFileReference; lastKnownFileType = image.png; name = ZZslav.png; path = ../../../../Downloads/ZZslav.png; sourceTree = "<group>"; };
		50AAB38B27C83CD400CAED10 /* zzonawaviOS.app */ = {isa = PBXFileReference; explicitFileType = wrapper.application; includeInIndex = 0; path = zzonawaviOS.app; sourceTree = BUILT_PRODUCTS_DIR; };
		50AAB38E27C83CD400CAED10 /* AppDelegate.swift */ = {isa = PBXFileReference; lastKnownFileType = sourcecode.swift; path = AppDelegate.swift; sourceTree = "<group>"; };
		50AAB39027C83CD400CAED10 /* SceneDelegate.swift */ = {isa = PBXFileReference; lastKnownFileType = sourcecode.swift; path = SceneDelegate.swift; sourceTree = "<group>"; };
		50AAB39227C83CD400CAED10 /* ViewController.swift */ = {isa = PBXFileReference; lastKnownFileType = sourcecode.swift; path = ViewController.swift; sourceTree = "<group>"; };
		50AAB39527C83CD400CAED10 /* Base */ = {isa = PBXFileReference; lastKnownFileType = file.storyboard; name = Base; path = Base.lproj/Main.storyboard; sourceTree = "<group>"; };
		50AAB39727C83CD600CAED10 /* Assets.xcassets */ = {isa = PBXFileReference; lastKnownFileType = folder.assetcatalog; path = Assets.xcassets; sourceTree = "<group>"; };
		50AAB39A27C83CD600CAED10 /* Base */ = {isa = PBXFileReference; lastKnownFileType = file.storyboard; name = Base; path = Base.lproj/LaunchScreen.storyboard; sourceTree = "<group>"; };
		50AAB39C27C83CD600CAED10 /* Info.plist */ = {isa = PBXFileReference; lastKnownFileType = text.plist.xml; path = Info.plist; sourceTree = "<group>"; };
		50B39C8227CCAC50008A40EB /* Login.swift */ = {isa = PBXFileReference; lastKnownFileType = sourcecode.swift; path = Login.swift; sourceTree = "<group>"; };
/* End PBXFileReference section */

/* Begin PBXFrameworksBuildPhase section */
		50AAB38827C83CD400CAED10 /* Frameworks */ = {
			isa = PBXFrameworksBuildPhase;
			buildActionMask = 2147483647;
			files = (
			);
			runOnlyForDeploymentPostprocessing = 0;
		};
/* End PBXFrameworksBuildPhase section */

/* Begin PBXGroup section */
		50AAB38227C83CD400CAED10 = {
			isa = PBXGroup;
			children = (
				50AAB38D27C83CD400CAED10 /* zzonawaviOS */,
				50AAB38C27C83CD400CAED10 /* Products */,
			);
			sourceTree = "<group>";
		};
		50AAB38C27C83CD400CAED10 /* Products */ = {
			isa = PBXGroup;
			children = (
				50AAB38B27C83CD400CAED10 /* zzonawaviOS.app */,
			);
			name = Products;
			sourceTree = "<group>";
		};
		50AAB38D27C83CD400CAED10 /* zzonawaviOS */ = {
			isa = PBXGroup;
			children = (
				50AAB38E27C83CD400CAED10 /* AppDelegate.swift */,
				50AAB39027C83CD400CAED10 /* SceneDelegate.swift */,
				50AAB39227C83CD400CAED10 /* ViewController.swift */,
				50AAB39427C83CD400CAED10 /* Main.storyboard */,
				50AAB39727C83CD600CAED10 /* Assets.xcassets */,
				50AAB39927C83CD600CAED10 /* LaunchScreen.storyboard */,
				50AAB39C27C83CD600CAED10 /* Info.plist */,
				509EDD6B27C98D7E006106EC /* ZZslav.png */,
				50B39C8227CCAC50008A40EB /* Login.swift */,
				508AA34527CDBB6D0075EA3F /* CreateAccount.swift */,
				5061168027D15E050053C330 /* MediaDownload.swift */,
				50835D2F27D65314000D6212 /* ViewFeelings.swift */,
			);
			path = zzonawaviOS;
			sourceTree = "<group>";
		};
/* End PBXGroup section */

/* Begin PBXNativeTarget section */
		50AAB38A27C83CD400CAED10 /* zzonawaviOS */ = {
			isa = PBXNativeTarget;
			buildConfigurationList = 50AAB39F27C83CD600CAED10 /* Build configuration list for PBXNativeTarget "zzonawaviOS" */;
			buildPhases = (
				50AAB38727C83CD400CAED10 /* Sources */,
				50AAB38827C83CD400CAED10 /* Frameworks */,
				50AAB38927C83CD400CAED10 /* Resources */,
			);
			buildRules = (
			);
			dependencies = (
			);
			name = zzonawaviOS;
			productName = zzonawaviOS;
			productReference = 50AAB38B27C83CD400CAED10 /* zzonawaviOS.app */;
			productType = "com.apple.product-type.application";
		};
/* End PBXNativeTarget section */

/* Begin PBXProject section */
		50AAB38327C83CD400CAED10 /* Project object */ = {
			isa = PBXProject;
			attributes = {
				BuildIndependentTargetsInParallel = 1;
				LastSwiftUpdateCheck = 1320;
				LastUpgradeCheck = 1320;
				TargetAttributes = {
					50AAB38A27C83CD400CAED10 = {
						CreatedOnToolsVersion = 13.2.1;
					};
				};
			};
			buildConfigurationList = 50AAB38627C83CD400CAED10 /* Build configuration list for PBXProject "zzonawaviOS" */;
			compatibilityVersion = "Xcode 13.0";
			developmentRegion = en;
			hasScannedForEncodings = 0;
			knownRegions = (
				en,
				Base,
			);
			mainGroup = 50AAB38227C83CD400CAED10;
			productRefGroup = 50AAB38C27C83CD400CAED10 /* Products */;
			projectDirPath = "";
			projectRoot = "";
			targets = (
				50AAB38A27C83CD400CAED10 /* zzonawaviOS */,
			);
		};
/* End PBXProject section */

/* Begin PBXResourcesBuildPhase section */
		50AAB38927C83CD400CAED10 /* Resources */ = {
			isa = PBXResourcesBuildPhase;
			buildActionMask = 2147483647;
			files = (
				50AAB39B27C83CD600CAED10 /* LaunchScreen.storyboard in Resources */,
				50AAB39827C83CD600CAED10 /* Assets.xcassets in Resources */,
				50AAB39627C83CD400CAED10 /* Main.storyboard in Resources */,
				509EDD6C27C98D7E006106EC /* ZZslav.png in Resources */,
			);
			runOnlyForDeploymentPostprocessing = 0;
		};
/* End PBXResourcesBuildPhase section */

/* Begin PBXSourcesBuildPhase section */
		50AAB38727C83CD400CAED10 /* Sources */ = {
			isa = PBXSourcesBuildPhase;
			buildActionMask = 2147483647;
			files = (
				5061168127D15E050053C330 /* MediaDownload.swift in Sources */,
				50AAB39327C83CD400CAED10 /* ViewController.swift in Sources */,
				50AAB38F27C83CD400CAED10 /* AppDelegate.swift in Sources */,
				508AA34627CDBB6D0075EA3F /* CreateAccount.swift in Sources */,
				50835D3027D65314000D6212 /* ViewFeelings.swift in Sources */,
				50AAB39127C83CD400CAED10 /* SceneDelegate.swift in Sources */,
				50B39C8327CCAC50008A40EB /* Login.swift in Sources */,
			);
			runOnlyForDeploymentPostprocessing = 0;
		};
/* End PBXSourcesBuildPhase section */

/* Begin PBXVariantGroup section */
		50AAB39427C83CD400CAED10 /* Main.storyboard */ = {
			isa = PBXVariantGroup;
			children = (
				50AAB39527C83CD400CAED10 /* Base */,
			);
			name = Main.storyboard;
			sourceTree = "<group>";
		};
		50AAB39927C83CD600CAED10 /* LaunchScreen.storyboard */ = {
			isa = PBXVariantGroup;
			children = (
				50AAB39A27C83CD600CAED10 /* Base */,
			);
			name = LaunchScreen.storyboard;
			sourceTree = "<group>";
		};
/* End PBXVariantGroup section */

/* Begin XCBuildConfiguration section */
		50AAB39D27C83CD600CAED10 /* Debug */ = {
			isa = XCBuildConfiguration;
			buildSettings = {
				ALWAYS_SEARCH_USER_PATHS = NO;
				CLANG_ANALYZER_NONNULL = YES;
				CLANG_ANALYZER_NUMBER_OBJECT_CONVERSION = YES_AGGRESSIVE;
				CLANG_CXX_LANGUAGE_STANDARD = "gnu++17";
				CLANG_CXX_LIBRARY = "libc++";
				CLANG_ENABLE_MODULES = YES;
				CLANG_ENABLE_OBJC_ARC = YES;
				CLANG_ENABLE_OBJC_WEAK = YES;
				CLANG_WARN_BLOCK_CAPTURE_AUTORELEASING = YES;
				CLANG_WARN_BOOL_CONVERSION = YES;
				CLANG_WARN_COMMA = YES;
				CLANG_WARN_CONSTANT_CONVERSION = YES;
				CLANG_WARN_DEPRECATED_OBJC_IMPLEMENTATIONS = YES;
				CLANG_WARN_DIRECT_OBJC_ISA_USAGE = YES_ERROR;
				CLANG_WARN_DOCUMENTATION_COMMENTS = YES;
				CLANG_WARN_EMPTY_BODY = YES;
				CLANG_WARN_ENUM_CONVERSION = YES;
				CLANG_WARN_INFINITE_RECURSION = YES;
				CLANG_WARN_INT_CONVERSION = YES;
				CLANG_WARN_NON_LITERAL_NULL_CONVERSION = YES;
				CLANG_WARN_OBJC_IMPLICIT_RETAIN_SELF = YES;
				CLANG_WARN_OBJC_LITERAL_CONVERSION = YES;
				CLANG_WARN_OBJC_ROOT_CLASS = YES_ERROR;
				CLANG_WARN_QUOTED_INCLUDE_IN_FRAMEWORK_HEADER = YES;
				CLANG_WARN_RANGE_LOOP_ANALYSIS = YES;
				CLANG_WARN_STRICT_PROTOTYPES = YES;
				CLANG_WARN_SUSPICIOUS_MOVE = YES;
				CLANG_WARN_UNGUARDED_AVAILABILITY = YES_AGGRESSIVE;
				CLANG_WARN_UNREACHABLE_CODE = YES;
				CLANG_WARN__DUPLICATE_METHOD_MATCH = YES;
				COPY_PHASE_STRIP = NO;
				DEBUG_INFORMATION_FORMAT = dwarf;
				ENABLE_STRICT_OBJC_MSGSEND = YES;
				ENABLE_TESTABILITY = YES;
				GCC_C_LANGUAGE_STANDARD = gnu11;
				GCC_DYNAMIC_NO_PIC = NO;
				GCC_NO_COMMON_BLOCKS = YES;
				GCC_OPTIMIZATION_LEVEL = 0;
				GCC_PREPROCESSOR_DEFINITIONS = (
					"DEBUG=1",
					"$(inherited)",
				);
				GCC_WARN_64_TO_32_BIT_CONVERSION = YES;
				GCC_WARN_ABOUT_RETURN_TYPE = YES_ERROR;
				GCC_WARN_UNDECLARED_SELECTOR = YES;
				GCC_WARN_UNINITIALIZED_AUTOS = YES_AGGRESSIVE;
				GCC_WARN_UNUSED_FUNCTION = YES;
				GCC_WARN_UNUSED_VARIABLE = YES;
				IPHONEOS_DEPLOYMENT_TARGET = 15.2;
				MTL_ENABLE_DEBUG_INFO = INCLUDE_SOURCE;
				MTL_FAST_MATH = YES;
				ONLY_ACTIVE_ARCH = YES;
				SDKROOT = iphoneos;
				SWIFT_ACTIVE_COMPILATION_CONDITIONS = DEBUG;
				SWIFT_OPTIMIZATION_LEVEL = "-Onone";
			};
			name = Debug;
		};
		50AAB39E27C83CD600CAED10 /* Release */ = {
			isa = XCBuildConfiguration;
			buildSettings = {
				ALWAYS_SEARCH_USER_PATHS = NO;
				CLANG_ANALYZER_NONNULL = YES;
				CLANG_ANALYZER_NUMBER_OBJECT_CONVERSION = YES_AGGRESSIVE;
				CLANG_CXX_LANGUAGE_STANDARD = "gnu++17";
				CLANG_CXX_LIBRARY = "libc++";
				CLANG_ENABLE_MODULES = YES;
				CLANG_ENABLE_OBJC_ARC = YES;
				CLANG_ENABLE_OBJC_WEAK = YES;
				CLANG_WARN_BLOCK_CAPTURE_AUTORELEASING = YES;
				CLANG_WARN_BOOL_CONVERSION = YES;
				CLANG_WARN_COMMA = YES;
				CLANG_WARN_CONSTANT_CONVERSION = YES;
				CLANG_WARN_DEPRECATED_OBJC_IMPLEMENTATIONS = YES;
				CLANG_WARN_DIRECT_OBJC_ISA_USAGE = YES_ERROR;
				CLANG_WARN_DOCUMENTATION_COMMENTS = YES;
				CLANG_WARN_EMPTY_BODY = YES;
				CLANG_WARN_ENUM_CONVERSION = YES;
				CLANG_WARN_INFINITE_RECURSION = YES;
				CLANG_WARN_INT_CONVERSION = YES;
				CLANG_WARN_NON_LITERAL_NULL_CONVERSION = YES;
				CLANG_WARN_OBJC_IMPLICIT_RETAIN_SELF = YES;
				CLANG_WARN_OBJC_LITERAL_CONVERSION = YES;
				CLANG_WARN_OBJC_ROOT_CLASS = YES_ERROR;
				CLANG_WARN_QUOTED_INCLUDE_IN_FRAMEWORK_HEADER = YES;
				CLANG_WARN_RANGE_LOOP_ANALYSIS = YES;
				CLANG_WARN_STRICT_PROTOTYPES = YES;
				CLANG_WARN_SUSPICIOUS_MOVE = YES;
				CLANG_WARN_UNGUARDED_AVAILABILITY = YES_AGGRESSIVE;
				CLANG_WARN_UNREACHABLE_CODE = YES;
				CLANG_WARN__DUPLICATE_METHOD_MATCH = YES;
				COPY_PHASE_STRIP = NO;
				DEBUG_INFORMATION_FORMAT = "dwarf-with-dsym";
				ENABLE_NS_ASSERTIONS = NO;
				ENABLE_STRICT_OBJC_MSGSEND = YES;
				GCC_C_LANGUAGE_STANDARD = gnu11;
				GCC_NO_COMMON_BLOCKS = YES;
				GCC_WARN_64_TO_32_BIT_CONVERSION = YES;
				GCC_WARN_ABOUT_RETURN_TYPE = YES_ERROR;
				GCC_WARN_UNDECLARED_SELECTOR = YES;
				GCC_WARN_UNINITIALIZED_AUTOS = YES_AGGRESSIVE;
				GCC_WARN_UNUSED_FUNCTION = YES;
				GCC_WARN_UNUSED_VARIABLE = YES;
				IPHONEOS_DEPLOYMENT_TARGET = 15.2;
				MTL_ENABLE_DEBUG_INFO = NO;
				MTL_FAST_MATH = YES;
				SDKROOT = iphoneos;
				SWIFT_COMPILATION_MODE = wholemodule;
				SWIFT_OPTIMIZATION_LEVEL = "-O";
				VALIDATE_PRODUCT = YES;
			};
			name = Release;
		};
		50AAB3A027C83CD600CAED10 /* Debug */ = {
			isa = XCBuildConfiguration;
			buildSettings = {
				ASSETCATALOG_COMPILER_APPICON_NAME = AppIcon;
				ASSETCATALOG_COMPILER_GLOBAL_ACCENT_COLOR_NAME = AccentColor;
				CODE_SIGN_STYLE = Automatic;
				CURRENT_PROJECT_VERSION = 1;
				GENERATE_INFOPLIST_FILE = YES;
				INFOPLIST_FILE = zzonawaviOS/Info.plist;
				INFOPLIST_KEY_UIApplicationSupportsIndirectInputEvents = YES;
				INFOPLIST_KEY_UILaunchStoryboardName = LaunchScreen;
				INFOPLIST_KEY_UIMainStoryboardFile = Main;
				INFOPLIST_KEY_UISupportedInterfaceOrientations = "UIInterfaceOrientationPortrait UIInterfaceOrientationLandscapeLeft UIInterfaceOrientationLandscapeRight";
				INFOPLIST_KEY_UISupportedInterfaceOrientations_iPad = "UIInterfaceOrientationPortrait UIInterfaceOrientationPortraitUpsideDown UIInterfaceOrientationLandscapeLeft UIInterfaceOrientationLandscapeRight";
				INFOPLIST_KEY_UISupportedInterfaceOrientations_iPhone = "UIInterfaceOrientationPortrait UIInterfaceOrientationLandscapeLeft UIInterfaceOrientationLandscapeRight";
				LD_RUNPATH_SEARCH_PATHS = (
					"$(inherited)",
					"@executable_path/Frameworks",
				);
				MARKETING_VERSION = 1.0;
				PRODUCT_BUNDLE_IDENTIFIER = Zane.Stanutz.zzonawaviOS;
				PRODUCT_NAME = "$(TARGET_NAME)";
				SWIFT_EMIT_LOC_STRINGS = YES;
				SWIFT_VERSION = 5.0;
				TARGETED_DEVICE_FAMILY = "1,2";
			};
			name = Debug;
		};
		50AAB3A127C83CD600CAED10 /* Release */ = {
			isa = XCBuildConfiguration;
			buildSettings = {
				ASSETCATALOG_COMPILER_APPICON_NAME = AppIcon;
				ASSETCATALOG_COMPILER_GLOBAL_ACCENT_COLOR_NAME = AccentColor;
				CODE_SIGN_STYLE = Automatic;
				CURRENT_PROJECT_VERSION = 1;
				GENERATE_INFOPLIST_FILE = YES;
				INFOPLIST_FILE = zzonawaviOS/Info.plist;
				INFOPLIST_KEY_UIApplicationSupportsIndirectInputEvents = YES;
				INFOPLIST_KEY_UILaunchStoryboardName = LaunchScreen;
				INFOPLIST_KEY_UIMainStoryboardFile = Main;
				INFOPLIST_KEY_UISupportedInterfaceOrientations = "UIInterfaceOrientationPortrait UIInterfaceOrientationLandscapeLeft UIInterfaceOrientationLandscapeRight";
				INFOPLIST_KEY_UISupportedInterfaceOrientations_iPad = "UIInterfaceOrientationPortrait UIInterfaceOrientationPortraitUpsideDown UIInterfaceOrientationLandscapeLeft UIInterfaceOrientationLandscapeRight";
				INFOPLIST_KEY_UISupportedInterfaceOrientations_iPhone = "UIInterfaceOrientationPortrait UIInterfaceOrientationLandscapeLeft UIInterfaceOrientationLandscapeRight";
				LD_RUNPATH_SEARCH_PATHS = (
					"$(inherited)",
					"@executable_path/Frameworks",
				);
				MARKETING_VERSION = 1.0;
				PRODUCT_BUNDLE_IDENTIFIER = Zane.Stanutz.zzonawaviOS;
				PRODUCT_NAME = "$(TARGET_NAME)";
				SWIFT_EMIT_LOC_STRINGS = YES;
				SWIFT_VERSION = 5.0;
				TARGETED_DEVICE_FAMILY = "1,2";
			};
			name = Release;
		};
/* End XCBuildConfiguration section */

/* Begin XCConfigurationList section */
		50AAB38627C83CD400CAED10 /* Build configuration list for PBXProject "zzonawaviOS" */ = {
			isa = XCConfigurationList;
			buildConfigurations = (
				50AAB39D27C83CD600CAED10 /* Debug */,
				50AAB39E27C83CD600CAED10 /* Release */,
			);
			defaultConfigurationIsVisible = 0;
			defaultConfigurationName = Release;
		};
		50AAB39F27C83CD600CAED10 /* Build configuration list for PBXNativeTarget "zzonawaviOS" */ = {
			isa = XCConfigurationList;
			buildConfigurations = (
				50AAB3A027C83CD600CAED10 /* Debug */,
				50AAB3A127C83CD600CAED10 /* Release */,
			);
			defaultConfigurationIsVisible = 0;
			defaultConfigurationName = Release;
		};
/* End XCConfigurationList section */
	};
	rootObject = 50AAB38327C83CD400CAED10 /* Project object */;
}
